
Microsoft Visual Studio Solution File, Format Version 12.00
# Visual Studio Version 16
VisualStudioVersion = 16.0.31019.35
MinimumVisualStudioVersion = 10.0.40219.1
Project("{FAE04EC0-301F-11D3-BF4B-00C04F79EFBC}") = "Web410717386", "Web410717386\Web410717386.csproj", "{A13CD11B-0FFF-4A13-A13E-493768B540C1}"
EndProject
Global
	GlobalSection(SolutionConfigurationPlatforms) = preSolution
		Debug|Any CPU = Debug|Any CPU
		Release|Any CPU = Release|Any CPU
	EndGlobalSection
	GlobalSection(ProjectConfigurationPlatforms) = postSolution
		{A13CD11B-0FFF-4A13-A13E-493768B540C1}.Debug|Any CPU.ActiveCfg = Debug|Any CPU
		{A13CD11B-0FFF-4A13-A13E-493768B540C1}.Debug|Any CPU.Build.0 = Debug|Any CPU
		{A13CD11B-0FFF-4A13-A13E-493768B540C1}.Release|Any CPU.ActiveCfg = Release|Any CPU
		{A13CD11B-0FFF-4A13-A13E-493768B540C1}.Release|Any CPU.Build.0 = Release|Any CPU
	EndGlobalSection
	GlobalSection(SolutionProperties) = preSolution
		HideSolutionNode = FALSE
	EndGlobalSection
	GlobalSection(ExtensibilityGlobals) = postSolution
		SolutionGuid = {BC35F7E2-527E-4F25-9EF5-2AF3E79CB33C}
	EndGlobalSection
EndGlobal
